
Microsoft Visual Studio Solution File, Format Version 12.00
# Visual Studio Version 16
VisualStudioVersion = 16.0.29509.3
MinimumVisualStudioVersion = 10.0.40219.1
Project("{9A19103F-16F7-4668-BE54-9A1E7A4F7556}") = "WearableUIGallery", "test\WearableUIGallery\WearableUIGallery\WearableUIGallery.csproj", "{4B3ADEDC-D646-4C8A-B6AD-F2A07F2A0ACC}"
EndProject
Project("{9A19103F-16F7-4668-BE54-9A1E7A4F7556}") = "WearableUIGallery.Tizen.Wearable", "test\WearableUIGallery\WearableUIGallery.Tizen.Wearable\WearableUIGallery.Tizen.Wearable.csproj", "{BACCF137-6E0F-4A33-AEC9-5EAF95C0E892}"
EndProject
Project("{9A19103F-16F7-4668-BE54-9A1E7A4F7556}") = "Tizen.Wearable.CircularUI.Forms", "src\Tizen.Wearable.CircularUI.Forms\Tizen.Wearable.CircularUI.Forms.csproj", "{571EFE9E-B539-4FF7-8E28-A6F451C64652}"
EndProject
Project("{9A19103F-16F7-4668-BE54-9A1E7A4F7556}") = "Tizen.Wearable.CircularUI.Forms.Renderer", "src\Tizen.Wearable.CircularUI.Forms.Renderer\Tizen.Wearable.CircularUI.Forms.Renderer.csproj", "{8B32EE6A-0ADD-4E64-80E9-B2375690CC70}"
EndProject
Project("{9A19103F-16F7-4668-BE54-9A1E7A4F7556}") = "SimpleTextWatchface", "test\SimpleTextWatchface\SimpleTextWatchface.csproj", "{1998035F-ECAF-493E-8226-E7EB33D0C982}"
EndProject
Project("{2150E333-8FDC-42A3-9474-1A3956D46DE8}") = "sample", "sample", "{E00DD78A-32EC-4AFA-BC81-EEFF9A80E7E8}"
EndProject
Project("{2150E333-8FDC-42A3-9474-1A3956D46DE8}") = "test", "test", "{9F1AB8B9-03B0-40A7-AB49-522B741F570A}"
EndProject
Project("{9A19103F-16F7-4668-BE54-9A1E7A4F7556}") = "SimpleWidgetApp", "test\SimpleWidgetApp\SimpleWidgetApp.csproj", "{2627189B-7F81-4878-8762-49B12E7E3C85}"
EndProject
Project("{2150E333-8FDC-42A3-9474-1A3956D46DE8}") = "Shell", "Shell", "{36C35271-6B8F-412E-B87F-5C7F41D60A60}"
EndProject
Project("{2150E333-8FDC-42A3-9474-1A3956D46DE8}") = "Xaminals", "Xaminals", "{318DE803-3D8C-44F9-8C27-4DED4504DC94}"
EndProject
Project("{9A19103F-16F7-4668-BE54-9A1E7A4F7556}") = "FlyoutExample", "sample\ShellExamples\FlyoutExample\FlyoutExample.csproj", "{722622E8-4FA6-4511-BDD8-EEC2E18AA3E8}"
EndProject
Project("{9A19103F-16F7-4668-BE54-9A1E7A4F7556}") = "ShellNavigation", "sample\ShellExamples\ShellNavigation\ShellNavigation.csproj", "{C65D5BE2-4E42-44B9-B0F7-3F736F2EF1D7}"
EndProject
Project("{9A19103F-16F7-4668-BE54-9A1E7A4F7556}") = "Xaminals", "sample\ShellExamples\Xaminals\Xaminals\Xaminals.csproj", "{BC74C370-A520-4116-B57E-18B44BE04F1E}"
EndProject
Project("{9A19103F-16F7-4668-BE54-9A1E7A4F7556}") = "Xaminals.Tizen", "sample\ShellExamples\Xaminals\Xaminals.Tizen\Xaminals.Tizen.csproj", "{4FE516ED-8A4C-4AA4-AC7F-D7F48FFE4BAD}"
EndProject
Project("{9A19103F-16F7-4668-BE54-9A1E7A4F7556}") = "Tizen.Wearable.CircularUI.Chart.Forms", "src\Tizen.Wearable.CircularUI.Chart.Forms\Tizen.Wearable.CircularUI.Chart.Forms.csproj", "{E385964C-42B7-4926-A97D-92E97960CDE6}"
EndProject
Project("{9A19103F-16F7-4668-BE54-9A1E7A4F7556}") = "Tizen.Wearable.CircularUI.Chart.Forms.Renderer", "src\Tizen.Wearable.CircularUI.Chart.Forms.Renderer\Tizen.Wearable.CircularUI.Chart.Forms.Renderer.csproj", "{D7E02E52-A51E-4CD7-9D97-D24D9A3FC16A}"
EndProject
Project("{2150E333-8FDC-42A3-9474-1A3956D46DE8}") = "CircularUI", "CircularUI", "{803EA8B9-E568-44D9-BE24-6BB815D6849B}"
EndProject
Project("{2150E333-8FDC-42A3-9474-1A3956D46DE8}") = "CircularUI.Chart", "CircularUI.Chart", "{71BD60A9-7086-438D-A7BE-C46D1212237B}"
EndProject
Global
	GlobalSection(SolutionConfigurationPlatforms) = preSolution
		Debug|Any CPU = Debug|Any CPU
		Release|Any CPU = Release|Any CPU
	EndGlobalSection
	GlobalSection(ProjectConfigurationPlatforms) = postSolution
		{4B3ADEDC-D646-4C8A-B6AD-F2A07F2A0ACC}.Debug|Any CPU.ActiveCfg = Debug|Any CPU
		{4B3ADEDC-D646-4C8A-B6AD-F2A07F2A0ACC}.Debug|Any CPU.Build.0 = Debug|Any CPU
		{4B3ADEDC-D646-4C8A-B6AD-F2A07F2A0ACC}.Release|Any CPU.ActiveCfg = Release|Any CPU
		{4B3ADEDC-D646-4C8A-B6AD-F2A07F2A0ACC}.Release|Any CPU.Build.0 = Release|Any CPU
		{BACCF137-6E0F-4A33-AEC9-5EAF95C0E892}.Debug|Any CPU.ActiveCfg = Debug|Any CPU
		{BACCF137-6E0F-4A33-AEC9-5EAF95C0E892}.Debug|Any CPU.Build.0 = Debug|Any CPU
		{BACCF137-6E0F-4A33-AEC9-5EAF95C0E892}.Release|Any CPU.ActiveCfg = Release|Any CPU
		{BACCF137-6E0F-4A33-AEC9-5EAF95C0E892}.Release|Any CPU.Build.0 = Release|Any CPU
		{571EFE9E-B539-4FF7-8E28-A6F451C64652}.Debug|Any CPU.ActiveCfg = Debug|Any CPU
		{571EFE9E-B539-4FF7-8E28-A6F451C64652}.Debug|Any CPU.Build.0 = Debug|Any CPU
		{571EFE9E-B539-4FF7-8E28-A6F451C64652}.Release|Any CPU.ActiveCfg = Release|Any CPU
		{571EFE9E-B539-4FF7-8E28-A6F451C64652}.Release|Any CPU.Build.0 = Release|Any CPU
		{8B32EE6A-0ADD-4E64-80E9-B2375690CC70}.Debug|Any CPU.ActiveCfg = Debug|Any CPU
		{8B32EE6A-0ADD-4E64-80E9-B2375690CC70}.Debug|Any CPU.Build.0 = Debug|Any CPU
		{8B32EE6A-0ADD-4E64-80E9-B2375690CC70}.Release|Any CPU.ActiveCfg = Release|Any CPU
		{8B32EE6A-0ADD-4E64-80E9-B2375690CC70}.Release|Any CPU.Build.0 = Release|Any CPU
		{1998035F-ECAF-493E-8226-E7EB33D0C982}.Debug|Any CPU.ActiveCfg = Debug|Any CPU
		{1998035F-ECAF-493E-8226-E7EB33D0C982}.Debug|Any CPU.Build.0 = Debug|Any CPU
		{1998035F-ECAF-493E-8226-E7EB33D0C982}.Release|Any CPU.ActiveCfg = Release|Any CPU
		{1998035F-ECAF-493E-8226-E7EB33D0C982}.Release|Any CPU.Build.0 = Release|Any CPU
		{2627189B-7F81-4878-8762-49B12E7E3C85}.Debug|Any CPU.ActiveCfg = Debug|Any CPU
		{2627189B-7F81-4878-8762-49B12E7E3C85}.Debug|Any CPU.Build.0 = Debug|Any CPU
		{2627189B-7F81-4878-8762-49B12E7E3C85}.Release|Any CPU.ActiveCfg = Release|Any CPU
		{2627189B-7F81-4878-8762-49B12E7E3C85}.Release|Any CPU.Build.0 = Release|Any CPU
		{722622E8-4FA6-4511-BDD8-EEC2E18AA3E8}.Debug|Any CPU.ActiveCfg = Debug|Any CPU
		{722622E8-4FA6-4511-BDD8-EEC2E18AA3E8}.Debug|Any CPU.Build.0 = Debug|Any CPU
		{722622E8-4FA6-4511-BDD8-EEC2E18AA3E8}.Release|Any CPU.ActiveCfg = Release|Any CPU
		{722622E8-4FA6-4511-BDD8-EEC2E18AA3E8}.Release|Any CPU.Build.0 = Release|Any CPU
		{C65D5BE2-4E42-44B9-B0F7-3F736F2EF1D7}.Debug|Any CPU.ActiveCfg = Debug|Any CPU
		{C65D5BE2-4E42-44B9-B0F7-3F736F2EF1D7}.Debug|Any CPU.Build.0 = Debug|Any CPU
		{C65D5BE2-4E42-44B9-B0F7-3F736F2EF1D7}.Release|Any CPU.ActiveCfg = Release|Any CPU
		{C65D5BE2-4E42-44B9-B0F7-3F736F2EF1D7}.Release|Any CPU.Build.0 = Release|Any CPU
		{BC74C370-A520-4116-B57E-18B44BE04F1E}.Debug|Any CPU.ActiveCfg = Debug|Any CPU
		{BC74C370-A520-4116-B57E-18B44BE04F1E}.Debug|Any CPU.Build.0 = Debug|Any CPU
		{BC74C370-A520-4116-B57E-18B44BE04F1E}.Release|Any CPU.ActiveCfg = Release|Any CPU
		{BC74C370-A520-4116-B57E-18B44BE04F1E}.Release|Any CPU.Build.0 = Release|Any CPU
		{4FE516ED-8A4C-4AA4-AC7F-D7F48FFE4BAD}.Debug|Any CPU.ActiveCfg = Debug|Any CPU
		{4FE516ED-8A4C-4AA4-AC7F-D7F48FFE4BAD}.Debug|Any CPU.Build.0 = Debug|Any CPU
		{4FE516ED-8A4C-4AA4-AC7F-D7F48FFE4BAD}.Release|Any CPU.ActiveCfg = Release|Any CPU
		{4FE516ED-8A4C-4AA4-AC7F-D7F48FFE4BAD}.Release|Any CPU.Build.0 = Release|Any CPU
		{E385964C-42B7-4926-A97D-92E97960CDE6}.Debug|Any CPU.ActiveCfg = Debug|Any CPU
		{E385964C-42B7-4926-A97D-92E97960CDE6}.Debug|Any CPU.Build.0 = Debug|Any CPU
		{E385964C-42B7-4926-A97D-92E97960CDE6}.Release|Any CPU.ActiveCfg = Release|Any CPU
		{E385964C-42B7-4926-A97D-92E97960CDE6}.Release|Any CPU.Build.0 = Release|Any CPU
		{D7E02E52-A51E-4CD7-9D97-D24D9A3FC16A}.Debug|Any CPU.ActiveCfg = Debug|Any CPU
		{D7E02E52-A51E-4CD7-9D97-D24D9A3FC16A}.Debug|Any CPU.Build.0 = Debug|Any CPU
		{D7E02E52-A51E-4CD7-9D97-D24D9A3FC16A}.Release|Any CPU.ActiveCfg = Release|Any CPU
		{D7E02E52-A51E-4CD7-9D97-D24D9A3FC16A}.Release|Any CPU.Build.0 = Release|Any CPU
	EndGlobalSection
	GlobalSection(SolutionProperties) = preSolution
		HideSolutionNode = FALSE
	EndGlobalSection
	GlobalSection(NestedProjects) = preSolution
		{4B3ADEDC-D646-4C8A-B6AD-F2A07F2A0ACC} = {9F1AB8B9-03B0-40A7-AB49-522B741F570A}
		{BACCF137-6E0F-4A33-AEC9-5EAF95C0E892} = {9F1AB8B9-03B0-40A7-AB49-522B741F570A}
		{571EFE9E-B539-4FF7-8E28-A6F451C64652} = {803EA8B9-E568-44D9-BE24-6BB815D6849B}
		{8B32EE6A-0ADD-4E64-80E9-B2375690CC70} = {803EA8B9-E568-44D9-BE24-6BB815D6849B}
		{1998035F-ECAF-493E-8226-E7EB33D0C982} = {E00DD78A-32EC-4AFA-BC81-EEFF9A80E7E8}
		{2627189B-7F81-4878-8762-49B12E7E3C85} = {E00DD78A-32EC-4AFA-BC81-EEFF9A80E7E8}
		{36C35271-6B8F-412E-B87F-5C7F41D60A60} = {E00DD78A-32EC-4AFA-BC81-EEFF9A80E7E8}
		{318DE803-3D8C-44F9-8C27-4DED4504DC94} = {36C35271-6B8F-412E-B87F-5C7F41D60A60}
		{722622E8-4FA6-4511-BDD8-EEC2E18AA3E8} = {36C35271-6B8F-412E-B87F-5C7F41D60A60}
		{C65D5BE2-4E42-44B9-B0F7-3F736F2EF1D7} = {36C35271-6B8F-412E-B87F-5C7F41D60A60}
		{BC74C370-A520-4116-B57E-18B44BE04F1E} = {318DE803-3D8C-44F9-8C27-4DED4504DC94}
		{4FE516ED-8A4C-4AA4-AC7F-D7F48FFE4BAD} = {318DE803-3D8C-44F9-8C27-4DED4504DC94}
		{E385964C-42B7-4926-A97D-92E97960CDE6} = {71BD60A9-7086-438D-A7BE-C46D1212237B}
		{D7E02E52-A51E-4CD7-9D97-D24D9A3FC16A} = {71BD60A9-7086-438D-A7BE-C46D1212237B}
	EndGlobalSection
	GlobalSection(ExtensibilityGlobals) = postSolution
		SolutionGuid = {3736C77A-08ED-442D-ADE1-5779254463ED}
	EndGlobalSection
EndGlobal
