
Microsoft Visual Studio Solution File, Format Version 12.00
# Visual Studio Version 16
VisualStudioVersion = 16.0.29509.3
MinimumVisualStudioVersion = 10.0.40219.1
Project("{9A19103F-16F7-4668-BE54-9A1E7A4F7556}") = "Tizen.Wearable.CircularUI.Forms", "src\Tizen.Wearable.CircularUI.Forms\Tizen.Wearable.CircularUI.Forms.csproj", "{9EB9A8C8-87DB-42E1-A0E2-295994867B2D}"
EndProject
Project("{9A19103F-16F7-4668-BE54-9A1E7A4F7556}") = "Tizen.Wearable.CircularUI.Forms.Renderer", "src\Tizen.Wearable.CircularUI.Forms.Renderer\Tizen.Wearable.CircularUI.Forms.Renderer.csproj", "{E9AB8D47-DC00-4B06-A00B-A9855DD885A8}"
EndProject
Project("{2150E333-8FDC-42A3-9474-1A3956D46DE8}") = "CircularUI", "CircularUI", "{ED00D792-6CFD-48DC-81AA-C35596DA4938}"
EndProject
Global
	GlobalSection(SolutionConfigurationPlatforms) = preSolution
		Debug|Any CPU = Debug|Any CPU
		Release|Any CPU = Release|Any CPU
	EndGlobalSection
	GlobalSection(ProjectConfigurationPlatforms) = postSolution
		{9EB9A8C8-87DB-42E1-A0E2-295994867B2D}.Debug|Any CPU.ActiveCfg = Debug|Any CPU
		{9EB9A8C8-87DB-42E1-A0E2-295994867B2D}.Debug|Any CPU.Build.0 = Debug|Any CPU
		{9EB9A8C8-87DB-42E1-A0E2-295994867B2D}.Release|Any CPU.ActiveCfg = Release|Any CPU
		{9EB9A8C8-87DB-42E1-A0E2-295994867B2D}.Release|Any CPU.Build.0 = Release|Any CPU
		{E9AB8D47-DC00-4B06-A00B-A9855DD885A8}.Debug|Any CPU.ActiveCfg = Debug|Any CPU
		{E9AB8D47-DC00-4B06-A00B-A9855DD885A8}.Debug|Any CPU.Build.0 = Debug|Any CPU
		{E9AB8D47-DC00-4B06-A00B-A9855DD885A8}.Release|Any CPU.ActiveCfg = Release|Any CPU
		{E9AB8D47-DC00-4B06-A00B-A9855DD885A8}.Release|Any CPU.Build.0 = Release|Any CPU
	EndGlobalSection
	GlobalSection(SolutionProperties) = preSolution
		HideSolutionNode = FALSE
	EndGlobalSection
	GlobalSection(NestedProjects) = preSolution
		{9EB9A8C8-87DB-42E1-A0E2-295994867B2D} = {ED00D792-6CFD-48DC-81AA-C35596DA4938}
		{E9AB8D47-DC00-4B06-A00B-A9855DD885A8} = {ED00D792-6CFD-48DC-81AA-C35596DA4938}
	EndGlobalSection
	GlobalSection(ExtensibilityGlobals) = postSolution
		SolutionGuid = {8842E691-A0E2-4EEC-8FDA-51F86B861EA9}
	EndGlobalSection
EndGlobal
