
Microsoft Visual Studio Solution File, Format Version 12.00
# Visual Studio 15
VisualStudioVersion = 15.0.27004.2010
MinimumVisualStudioVersion = 10.0.40219.1
Project("{9A19103F-16F7-4668-BE54-9A1E7A4F7556}") = "Xamarin.Forms.CircularUI", "Xamarin.Forms.CircularUI\Xamarin.Forms.CircularUI.csproj", "{9EB9A8C8-87DB-42E1-A0E2-295994867B2D}"
EndProject
Project("{9A19103F-16F7-4668-BE54-9A1E7A4F7556}") = "Xamarin.Forms.CircularUI.Tizen", "Xamarin.Forms.CircularUI.Tizen\Xamarin.Forms.CircularUI.Tizen.csproj", "{E9AB8D47-DC00-4B06-A00B-A9855DD885A8}"
EndProject
Global
	GlobalSection(SolutionConfigurationPlatforms) = preSolution
		Debug|Any CPU = Debug|Any CPU
		Release|Any CPU = Release|Any CPU
	EndGlobalSection
	GlobalSection(ProjectConfigurationPlatforms) = postSolution
		{9EB9A8C8-87DB-42E1-A0E2-295994867B2D}.Debug|Any CPU.ActiveCfg = Debug|Any CPU
		{9EB9A8C8-87DB-42E1-A0E2-295994867B2D}.Debug|Any CPU.Build.0 = Debug|Any CPU
		{9EB9A8C8-87DB-42E1-A0E2-295994867B2D}.Release|Any CPU.ActiveCfg = Release|Any CPU
		{9EB9A8C8-87DB-42E1-A0E2-295994867B2D}.Release|Any CPU.Build.0 = Release|Any CPU
		{E9AB8D47-DC00-4B06-A00B-A9855DD885A8}.Debug|Any CPU.ActiveCfg = Debug|Any CPU
		{E9AB8D47-DC00-4B06-A00B-A9855DD885A8}.Debug|Any CPU.Build.0 = Debug|Any CPU
		{E9AB8D47-DC00-4B06-A00B-A9855DD885A8}.Release|Any CPU.ActiveCfg = Release|Any CPU
		{E9AB8D47-DC00-4B06-A00B-A9855DD885A8}.Release|Any CPU.Build.0 = Release|Any CPU
	EndGlobalSection
	GlobalSection(SolutionProperties) = preSolution
		HideSolutionNode = FALSE
	EndGlobalSection
	GlobalSection(ExtensibilityGlobals) = postSolution
		SolutionGuid = {8842E691-A0E2-4EEC-8FDA-51F86B861EA9}
	EndGlobalSection
EndGlobal
