
Microsoft Visual Studio Solution File, Format Version 12.00
# Visual Studio 15
VisualStudioVersion = 15.0.27130.2024
MinimumVisualStudioVersion = 10.0.40219.1
Project("{FAE04EC0-301F-11D3-BF4B-00C04F79EFBC}") = "Appium.CircularUI.Tests", "Appium.CircularUI.Tests.csproj", "{A478ED96-BAFF-420E-A904-79E307F9F0C0}"
EndProject
Global
	GlobalSection(SolutionConfigurationPlatforms) = preSolution
		Debug|Any CPU = Debug|Any CPU
		Debug|x86 = Debug|x86
		Release|Any CPU = Release|Any CPU
		Release|x86 = Release|x86
	EndGlobalSection
	GlobalSection(ProjectConfigurationPlatforms) = postSolution
		{A478ED96-BAFF-420E-A904-79E307F9F0C0}.Debug|Any CPU.ActiveCfg = Debug|Any CPU
		{A478ED96-BAFF-420E-A904-79E307F9F0C0}.Debug|Any CPU.Build.0 = Debug|Any CPU
		{A478ED96-BAFF-420E-A904-79E307F9F0C0}.Debug|x86.ActiveCfg = Debug|Any CPU
		{A478ED96-BAFF-420E-A904-79E307F9F0C0}.Debug|x86.Build.0 = Debug|Any CPU
		{A478ED96-BAFF-420E-A904-79E307F9F0C0}.Release|Any CPU.ActiveCfg = Release|Any CPU
		{A478ED96-BAFF-420E-A904-79E307F9F0C0}.Release|Any CPU.Build.0 = Release|Any CPU
		{A478ED96-BAFF-420E-A904-79E307F9F0C0}.Release|x86.ActiveCfg = Release|Any CPU
		{A478ED96-BAFF-420E-A904-79E307F9F0C0}.Release|x86.Build.0 = Release|Any CPU
	EndGlobalSection
	GlobalSection(SolutionProperties) = preSolution
		HideSolutionNode = FALSE
	EndGlobalSection
	GlobalSection(ExtensibilityGlobals) = postSolution
		SolutionGuid = {843CC6A4-A6A4-4F41-BCAF-2CA2E927DE30}
	EndGlobalSection
EndGlobal
